
Microsoft Visual Studio Solution File, Format Version 12.00
# Visual Studio Version 16
VisualStudioVersion = 25.0.1705.4
MinimumVisualStudioVersion = 10.0.40219.1
Project("{FAE04EC0-301F-11D3-BF4B-00C04F79EFBC}") = "Aircraft", "Aircraft\Aircraft.csproj", "{7AD27D25-540B-492D-BDE8-CF4530EDE35D}"
EndProject
Global
	GlobalSection(SolutionConfigurationPlatforms) = preSolution
		Debug|Any CPU = Debug|Any CPU
		Release|Any CPU = Release|Any CPU
	EndGlobalSection
	GlobalSection(ProjectConfigurationPlatforms) = postSolution
		{7AD27D25-540B-492D-BDE8-CF4530EDE35D}.Debug|Any CPU.ActiveCfg = Debug|Any CPU
		{7AD27D25-540B-492D-BDE8-CF4530EDE35D}.Debug|Any CPU.Build.0 = Debug|Any CPU
		{7AD27D25-540B-492D-BDE8-CF4530EDE35D}.Release|Any CPU.ActiveCfg = Release|Any CPU
		{7AD27D25-540B-492D-BDE8-CF4530EDE35D}.Release|Any CPU.Build.0 = Release|Any CPU
	EndGlobalSection
	GlobalSection(SolutionProperties) = preSolution
		HideSolutionNode = FALSE
	EndGlobalSection
	GlobalSection(ExtensibilityGlobals) = postSolution
		SolutionGuid = {A877D9E1-7CE2-4298-9F0E-CA2C641D289D}
	EndGlobalSection
EndGlobal
